{
  "nodes": {
    "minimalshell": {
      "locked": {
        "lastModified": 1790781912,
        "narHash": "sha256-9nnEqa83RSVTvbIhbGNdeb3mEtPNTtNjGTXjMMjrGBE=",
        "owner": "mateusuetam",
        "repo": "MinimalShell",
        "rev": "cbf2de73621e82f700dc0b7ccf5b8ee19d3838ed",
        "type": "github"
      },
      "original": {
        "owner": "mateusuetam",
        "repo": "MinimalShell",
        "type": "github"
      }
    },
    "myshell": {
      "locked": {
        "lastModified": 1790781539,
        "narHash": "sha256-JrD8MOAgFzOD392ZZ+Afp+BZ+2phRlbspz/reijLMdA=",
        "owner": "mateusuetam",
        "repo": "MyShell",
        "rev": "17d0bd4ecdc2f08b014811137e486e88c47d48d7",
        "type": "github"
      },
      "original": {
        "owner": "mateusuetam",
        "repo": "MyShell",
        "type": "github"
      }
    },
    "neovim": {
      "locked": {
        "lastModified": 1790957744,
        "narHash": "sha256-lNjqS2VPlg0FfV2XSSGwrRPtRB+NFCsiStURF3XJeGA=",
        "owner": "mateusuetam",
        "repo": "Neovim",
        "rev": "900239904cff5bed376cca1264cfcaae8989fd1e",
        "type": "github"
      },
      "original": {
        "owner": "mateusuetam",
        "repo": "Neovim",
        "type": "github"
      }
    },
    "nixpkgs": {
      "locked": {
        "lastModified": 1791456040,
        "narHash": "sha256-H83yz/do+hjOO0uujHyH8RgtIQP2v7Mw+cLwcZK/xKc=",
        "owner": "nixos",
        "repo": "nixpkgs",
        "rev": "e7439b6b14ad3cc35d05608ebca9bce01a25f5f8",
        "type": "github"
      },
      "original": {
        "owner": "nixos",
        "ref": "nixos-unstable",
        "repo": "nixpkgs",
        "type": "github"
      }
    },
    "root": {
      "inputs": {
        "minimalshell": "minimalshell",
        "myshell": "myshell",
        "neovim": "neovim",
        "nixpkgs": "nixpkgs"
      }
    }
  },
  "root": "root",
  "version": 7
}
