{
  "nodes": {
    "minimalshell": {
      "locked": {
        "lastModified": 1790781912,
        "narHash": "sha256-9nnEqa83RSVTvbIhbGNdeb3mEtPNTtNjGTXjMMjrGBE=",
        "owner": "mateusuetam",
        "repo": "MinimalShell",
        "rev": "cbf2de73621e82f700dc0b7ccf5b8ee19d3838ed",
        "type": "github"
      },
      "original": {
        "owner": "mateusuetam",
        "repo": "MinimalShell",
        "type": "github"
      }
    },
    "myshell": {
      "locked": {
        "lastModified": 1790781539,
        "narHash": "sha256-JrD8MOAgFzOD392ZZ+Afp+BZ+2phRlbspz/reijLMdA=",
        "owner": "mateusuetam",
        "repo": "MyShell",
        "rev": "17d0bd4ecdc2f08b014811137e486e88c47d48d7",
        "type": "github"
      },
      "original": {
        "owner": "mateusuetam",
        "repo": "MyShell",
        "type": "github"
      }
    },
    "neovim": {
      "locked": {
        "lastModified": 1790957744,
        "narHash": "sha256-lNjqS2VPlg0FfV2XSSGwrRPtRB+NFCsiStURF3XJeGA=",
        "owner": "mateusuetam",
        "repo": "Neovim",
        "rev": "900239904cff5bed376cca1264cfcaae8989fd1e",
        "type": "github"
      },
      "original": {
        "owner": "mateusuetam",
        "repo": "Neovim",
        "type": "github"
      }
    },
    "nixpkgs": {
      "locked": {
        "lastModified": 1791260994,
        "narHash": "sha256-Miqqk/ammqnTUxaoCyvtwoPeLbI1ksFyLxi/CazZpWY=",
        "owner": "nixos",
        "repo": "nixpkgs",
        "rev": "151fa4e8ddfdd8dd25d945ad94ed54a13de9f6e4",
        "type": "github"
      },
      "original": {
        "owner": "nixos",
        "ref": "nixos-unstable",
        "repo": "nixpkgs",
        "type": "github"
      }
    },
    "nixpkgs-mysql-workbench": {
      "locked": {
        "lastModified": 1789006805,
        "narHash": "sha256-xB8mKMOx1IA9vTDNLmJZ6n4wCMq/cuWBBOzGCRnqxrU=",
        "owner": "nixos",
        "repo": "nixpkgs",
        "rev": "8ce4ef6cb6f871616146b9fe26d2a5ae594e94fe",
        "type": "github"
      },
      "original": {
        "owner": "nixos",
        "repo": "nixpkgs",
        "rev": "8ce4ef6cb6f871616146b9fe26d2a5ae594e94fe",
        "type": "github"
      }
    },
    "root": {
      "inputs": {
        "minimalshell": "minimalshell",
        "myshell": "myshell",
        "neovim": "neovim",
        "nixpkgs": "nixpkgs",
        "nixpkgs-mysql-workbench": "nixpkgs-mysql-workbench"
      }
    }
  },
  "root": "root",
  "version": 7
}
