{
  "nodes": {
    "nixpkgs": {
      "locked": {
        "lastModified": 1789921291,
        "narHash": "sha256-Ft/BRnIqw1MywFoXydKobjjWmDFgDdYtSpJliE8+yUw=",
        "owner": "nixos",
        "repo": "nixpkgs",
        "rev": "44a91898084f46797b5fac650c7e8c9ac38c43d4",
        "type": "github"
      },
      "original": {
        "owner": "nixos",
        "ref": "nixos-unstable",
        "repo": "nixpkgs",
        "type": "github"
      }
    },
    "nixpkgs-mysql-workbench": {
      "locked": {
        "lastModified": 1789006805,
        "narHash": "sha256-xB8mKMOx1IA9vTDNLmJZ6n4wCMq/cuWBBOzGCRnqxrU=",
        "owner": "nixos",
        "repo": "nixpkgs",
        "rev": "8ce4ef6cb6f871616146b9fe26d2a5ae594e94fe",
        "type": "github"
      },
      "original": {
        "owner": "nixos",
        "repo": "nixpkgs",
        "rev": "8ce4ef6cb6f871616146b9fe26d2a5ae594e94fe",
        "type": "github"
      }
    },
    "root": {
      "inputs": {
        "nixpkgs": "nixpkgs",
        "nixpkgs-mysql-workbench": "nixpkgs-mysql-workbench"
      }
    }
  },
  "root": "root",
  "version": 7
}
